
Microsoft Visual Studio Solution File, Format Version 12.00
# Visual Studio Version 17
VisualStudioVersion = 17.2.32602.215
MinimumVisualStudioVersion = 10.0.40219.1
Project("{FAE04EC0-301F-11D3-BF4B-00C04F79EFBC}") = "SocketServer", "SocketServer\SocketServer.csproj", "{165ECBE3-FA18-4252-BFDD-8056A7B0998B}"
EndProject
Global
	GlobalSection(SolutionConfigurationPlatforms) = preSolution
		Debug|Any CPU = Debug|Any CPU
		Release|Any CPU = Release|Any CPU
	EndGlobalSection
	GlobalSection(ProjectConfigurationPlatforms) = postSolution
		{165ECBE3-FA18-4252-BFDD-8056A7B0998B}.Debug|Any CPU.ActiveCfg = Debug|Any CPU
		{165ECBE3-FA18-4252-BFDD-8056A7B0998B}.Debug|Any CPU.Build.0 = Debug|Any CPU
		{165ECBE3-FA18-4252-BFDD-8056A7B0998B}.Release|Any CPU.ActiveCfg = Release|Any CPU
		{165ECBE3-FA18-4252-BFDD-8056A7B0998B}.Release|Any CPU.Build.0 = Release|Any CPU
	EndGlobalSection
	GlobalSection(SolutionProperties) = preSolution
		HideSolutionNode = FALSE
	EndGlobalSection
	GlobalSection(ExtensibilityGlobals) = postSolution
		SolutionGuid = {3F659F84-3112-498A-91E6-31027DF912A0}
	EndGlobalSection
EndGlobal
