
Microsoft Visual Studio Solution File, Format Version 12.00
# Visual Studio Version 17
VisualStudioVersion = 17.2.32602.215
MinimumVisualStudioVersion = 10.0.40219.1
Project("{FAE04EC0-301F-11D3-BF4B-00C04F79EFBC}") = "FileServerSocket", "FileServerSocket\FileServerSocket.csproj", "{B6CEDB61-E762-441C-89EA-06346AC8ACA3}"
EndProject
Global
	GlobalSection(SolutionConfigurationPlatforms) = preSolution
		Debug|Any CPU = Debug|Any CPU
		Release|Any CPU = Release|Any CPU
	EndGlobalSection
	GlobalSection(ProjectConfigurationPlatforms) = postSolution
		{B6CEDB61-E762-441C-89EA-06346AC8ACA3}.Debug|Any CPU.ActiveCfg = Debug|Any CPU
		{B6CEDB61-E762-441C-89EA-06346AC8ACA3}.Debug|Any CPU.Build.0 = Debug|Any CPU
		{B6CEDB61-E762-441C-89EA-06346AC8ACA3}.Release|Any CPU.ActiveCfg = Release|Any CPU
		{B6CEDB61-E762-441C-89EA-06346AC8ACA3}.Release|Any CPU.Build.0 = Release|Any CPU
	EndGlobalSection
	GlobalSection(SolutionProperties) = preSolution
		HideSolutionNode = FALSE
	EndGlobalSection
	GlobalSection(ExtensibilityGlobals) = postSolution
		SolutionGuid = {53818FC2-53B8-499C-A696-156E80C5ADC2}
	EndGlobalSection
EndGlobal
